
Microsoft Visual Studio Solution File, Format Version 12.00
# Visual Studio Version 17
VisualStudioVersion = 17.7.34024.191
MinimumVisualStudioVersion = 10.0.40219.1
Project("{9A19103F-16F7-4668-BE54-9A1E7A4F7556}") = "MrNilsen", "MrNilsen.csproj", "{4D03F6AE-BBB2-4B1F-BD21-76240E65D3FE}"
EndProject
Project("{9A19103F-16F7-4668-BE54-9A1E7A4F7556}") = "MrNilsen.test", "..\TestProject7\MrNilsen.test.csproj", "{AF9AF575-7BD3-4F58-BCF3-0F9F50733F9E}"
EndProject
Global
	GlobalSection(SolutionConfigurationPlatforms) = preSolution
		Debug|Any CPU = Debug|Any CPU
		Release|Any CPU = Release|Any CPU
	EndGlobalSection
	GlobalSection(ProjectConfigurationPlatforms) = postSolution
		{4D03F6AE-BBB2-4B1F-BD21-76240E65D3FE}.Debug|Any CPU.ActiveCfg = Debug|Any CPU
		{4D03F6AE-BBB2-4B1F-BD21-76240E65D3FE}.Debug|Any CPU.Build.0 = Debug|Any CPU
		{4D03F6AE-BBB2-4B1F-BD21-76240E65D3FE}.Release|Any CPU.ActiveCfg = Release|Any CPU
		{4D03F6AE-BBB2-4B1F-BD21-76240E65D3FE}.Release|Any CPU.Build.0 = Release|Any CPU
		{AF9AF575-7BD3-4F58-BCF3-0F9F50733F9E}.Debug|Any CPU.ActiveCfg = Debug|Any CPU
		{AF9AF575-7BD3-4F58-BCF3-0F9F50733F9E}.Debug|Any CPU.Build.0 = Debug|Any CPU
		{AF9AF575-7BD3-4F58-BCF3-0F9F50733F9E}.Release|Any CPU.ActiveCfg = Release|Any CPU
		{AF9AF575-7BD3-4F58-BCF3-0F9F50733F9E}.Release|Any CPU.Build.0 = Release|Any CPU
	EndGlobalSection
	GlobalSection(SolutionProperties) = preSolution
		HideSolutionNode = FALSE
	EndGlobalSection
	GlobalSection(ExtensibilityGlobals) = postSolution
		SolutionGuid = {1F9408F6-FD14-4874-A936-7BD7423FBD6C}
	EndGlobalSection
EndGlobal
